
Microsoft Visual Studio Solution File, Format Version 12.00
# Visual Studio Version 16
VisualStudioVersion = 16.0.29215.179
MinimumVisualStudioVersion = 10.0.40219.1
Project("{FAE04EC0-301F-11D3-BF4B-00C04F79EFBC}") = "ClassMethod5", "ClassMethod5\ClassMethod5.csproj", "{B262822A-8442-442F-966B-2D1B164E936C}"
EndProject
Global
	GlobalSection(SolutionConfigurationPlatforms) = preSolution
		Debug|Any CPU = Debug|Any CPU
		Release|Any CPU = Release|Any CPU
	EndGlobalSection
	GlobalSection(ProjectConfigurationPlatforms) = postSolution
		{B262822A-8442-442F-966B-2D1B164E936C}.Debug|Any CPU.ActiveCfg = Debug|Any CPU
		{B262822A-8442-442F-966B-2D1B164E936C}.Debug|Any CPU.Build.0 = Debug|Any CPU
		{B262822A-8442-442F-966B-2D1B164E936C}.Release|Any CPU.ActiveCfg = Release|Any CPU
		{B262822A-8442-442F-966B-2D1B164E936C}.Release|Any CPU.Build.0 = Release|Any CPU
	EndGlobalSection
	GlobalSection(SolutionProperties) = preSolution
		HideSolutionNode = FALSE
	EndGlobalSection
	GlobalSection(ExtensibilityGlobals) = postSolution
		SolutionGuid = {0B308E05-CF5A-4F5F-8F6C-536E6B60CF3A}
	EndGlobalSection
EndGlobal
