
Microsoft Visual Studio Solution File, Format Version 12.00
# Visual Studio Version 16
VisualStudioVersion = 16.0.29123.88
MinimumVisualStudioVersion = 10.0.40219.1
Project("{FAE04EC0-301F-11D3-BF4B-00C04F79EFBC}") = "HelloWorld", "HelloWorld\HelloWorld.csproj", "{E0085C77-A5C2-4CB6-81CF-DB193E4B39CE}"
EndProject
Global
	GlobalSection(SolutionConfigurationPlatforms) = preSolution
		Debug|Any CPU = Debug|Any CPU
		Release|Any CPU = Release|Any CPU
	EndGlobalSection
	GlobalSection(ProjectConfigurationPlatforms) = postSolution
		{E0085C77-A5C2-4CB6-81CF-DB193E4B39CE}.Debug|Any CPU.ActiveCfg = Debug|Any CPU
		{E0085C77-A5C2-4CB6-81CF-DB193E4B39CE}.Debug|Any CPU.Build.0 = Debug|Any CPU
		{E0085C77-A5C2-4CB6-81CF-DB193E4B39CE}.Release|Any CPU.ActiveCfg = Release|Any CPU
		{E0085C77-A5C2-4CB6-81CF-DB193E4B39CE}.Release|Any CPU.Build.0 = Release|Any CPU
	EndGlobalSection
	GlobalSection(SolutionProperties) = preSolution
		HideSolutionNode = FALSE
	EndGlobalSection
	GlobalSection(ExtensibilityGlobals) = postSolution
		SolutionGuid = {FA1987CB-9463-4642-955D-C18B9B7216C0}
	EndGlobalSection
EndGlobal
