
Microsoft Visual Studio Solution File, Format Version 12.00
# Visual Studio Version 16
VisualStudioVersion = 16.0.29123.88
MinimumVisualStudioVersion = 10.0.40219.1
Project("{FAE04EC0-301F-11D3-BF4B-00C04F79EFBC}") = "Branching", "Branching\Branching.csproj", "{C85567A0-A6D6-417E-BA43-1B5C002A948F}"
EndProject
Global
	GlobalSection(SolutionConfigurationPlatforms) = preSolution
		Debug|Any CPU = Debug|Any CPU
		Release|Any CPU = Release|Any CPU
	EndGlobalSection
	GlobalSection(ProjectConfigurationPlatforms) = postSolution
		{C85567A0-A6D6-417E-BA43-1B5C002A948F}.Debug|Any CPU.ActiveCfg = Debug|Any CPU
		{C85567A0-A6D6-417E-BA43-1B5C002A948F}.Debug|Any CPU.Build.0 = Debug|Any CPU
		{C85567A0-A6D6-417E-BA43-1B5C002A948F}.Release|Any CPU.ActiveCfg = Release|Any CPU
		{C85567A0-A6D6-417E-BA43-1B5C002A948F}.Release|Any CPU.Build.0 = Release|Any CPU
	EndGlobalSection
	GlobalSection(SolutionProperties) = preSolution
		HideSolutionNode = FALSE
	EndGlobalSection
	GlobalSection(ExtensibilityGlobals) = postSolution
		SolutionGuid = {265D5A54-0783-494E-8EB6-03C4757D621B}
	EndGlobalSection
EndGlobal
