
Microsoft Visual Studio Solution File, Format Version 12.00
# Visual Studio Version 16
VisualStudioVersion = 16.0.29306.81
MinimumVisualStudioVersion = 10.0.40219.1
Project("{FAE04EC0-301F-11D3-BF4B-00C04F79EFBC}") = "TechAcadStudentsMVC", "TechAcadStudentsMVC\TechAcadStudentsMVC.csproj", "{BB6CFC81-A0FF-483C-8CCD-C0669F4A54BA}"
EndProject
Global
	GlobalSection(SolutionConfigurationPlatforms) = preSolution
		Debug|Any CPU = Debug|Any CPU
		Release|Any CPU = Release|Any CPU
	EndGlobalSection
	GlobalSection(ProjectConfigurationPlatforms) = postSolution
		{BB6CFC81-A0FF-483C-8CCD-C0669F4A54BA}.Debug|Any CPU.ActiveCfg = Debug|Any CPU
		{BB6CFC81-A0FF-483C-8CCD-C0669F4A54BA}.Debug|Any CPU.Build.0 = Debug|Any CPU
		{BB6CFC81-A0FF-483C-8CCD-C0669F4A54BA}.Release|Any CPU.ActiveCfg = Release|Any CPU
		{BB6CFC81-A0FF-483C-8CCD-C0669F4A54BA}.Release|Any CPU.Build.0 = Release|Any CPU
	EndGlobalSection
	GlobalSection(SolutionProperties) = preSolution
		HideSolutionNode = FALSE
	EndGlobalSection
	GlobalSection(ExtensibilityGlobals) = postSolution
		SolutionGuid = {17C0D93D-16EB-4B3D-AA90-8EA2E0F9BBE6}
	EndGlobalSection
EndGlobal
