
Microsoft Visual Studio Solution File, Format Version 12.00
# Visual Studio Version 16
VisualStudioVersion = 16.0.29123.88
MinimumVisualStudioVersion = 10.0.40219.1
Project("{FAE04EC0-301F-11D3-BF4B-00C04F79EFBC}") = "MathExercise", "MathExercise\MathExercise.csproj", "{BDCC06B2-812D-491E-B6FD-0ED8CAFA1590}"
EndProject
Global
	GlobalSection(SolutionConfigurationPlatforms) = preSolution
		Debug|Any CPU = Debug|Any CPU
		Release|Any CPU = Release|Any CPU
	EndGlobalSection
	GlobalSection(ProjectConfigurationPlatforms) = postSolution
		{BDCC06B2-812D-491E-B6FD-0ED8CAFA1590}.Debug|Any CPU.ActiveCfg = Debug|Any CPU
		{BDCC06B2-812D-491E-B6FD-0ED8CAFA1590}.Debug|Any CPU.Build.0 = Debug|Any CPU
		{BDCC06B2-812D-491E-B6FD-0ED8CAFA1590}.Release|Any CPU.ActiveCfg = Release|Any CPU
		{BDCC06B2-812D-491E-B6FD-0ED8CAFA1590}.Release|Any CPU.Build.0 = Release|Any CPU
	EndGlobalSection
	GlobalSection(SolutionProperties) = preSolution
		HideSolutionNode = FALSE
	EndGlobalSection
	GlobalSection(ExtensibilityGlobals) = postSolution
		SolutionGuid = {5AB9F2B0-1D3C-4918-8B5A-2D1E260633D4}
	EndGlobalSection
EndGlobal
