
Microsoft Visual Studio Solution File, Format Version 12.00
# Visual Studio Version 16
VisualStudioVersion = 16.0.29306.81
MinimumVisualStudioVersion = 10.0.40219.1
Project("{FAE04EC0-301F-11D3-BF4B-00C04F79EFBC}") = "StructExercise", "StructExercise\StructExercise.csproj", "{742D6B10-F37B-475F-A168-9192EB16C57C}"
EndProject
Global
	GlobalSection(SolutionConfigurationPlatforms) = preSolution
		Debug|Any CPU = Debug|Any CPU
		Release|Any CPU = Release|Any CPU
	EndGlobalSection
	GlobalSection(ProjectConfigurationPlatforms) = postSolution
		{742D6B10-F37B-475F-A168-9192EB16C57C}.Debug|Any CPU.ActiveCfg = Debug|Any CPU
		{742D6B10-F37B-475F-A168-9192EB16C57C}.Debug|Any CPU.Build.0 = Debug|Any CPU
		{742D6B10-F37B-475F-A168-9192EB16C57C}.Release|Any CPU.ActiveCfg = Release|Any CPU
		{742D6B10-F37B-475F-A168-9192EB16C57C}.Release|Any CPU.Build.0 = Release|Any CPU
	EndGlobalSection
	GlobalSection(SolutionProperties) = preSolution
		HideSolutionNode = FALSE
	EndGlobalSection
	GlobalSection(ExtensibilityGlobals) = postSolution
		SolutionGuid = {4C3B8C05-BB64-44D8-9A6A-E3A33411E45D}
	EndGlobalSection
EndGlobal
