
Microsoft Visual Studio Solution File, Format Version 12.00
# Visual Studio Version 16
VisualStudioVersion = 16.0.29123.88
MinimumVisualStudioVersion = 10.0.40219.1
Project("{FAE04EC0-301F-11D3-BF4B-00C04F79EFBC}") = "StringExercise", "StringExercise\StringExercise.csproj", "{CE13ADDA-CA6F-48F6-A7DF-4E441D5F8936}"
EndProject
Global
	GlobalSection(SolutionConfigurationPlatforms) = preSolution
		Debug|Any CPU = Debug|Any CPU
		Release|Any CPU = Release|Any CPU
	EndGlobalSection
	GlobalSection(ProjectConfigurationPlatforms) = postSolution
		{CE13ADDA-CA6F-48F6-A7DF-4E441D5F8936}.Debug|Any CPU.ActiveCfg = Debug|Any CPU
		{CE13ADDA-CA6F-48F6-A7DF-4E441D5F8936}.Debug|Any CPU.Build.0 = Debug|Any CPU
		{CE13ADDA-CA6F-48F6-A7DF-4E441D5F8936}.Release|Any CPU.ActiveCfg = Release|Any CPU
		{CE13ADDA-CA6F-48F6-A7DF-4E441D5F8936}.Release|Any CPU.Build.0 = Release|Any CPU
	EndGlobalSection
	GlobalSection(SolutionProperties) = preSolution
		HideSolutionNode = FALSE
	EndGlobalSection
	GlobalSection(ExtensibilityGlobals) = postSolution
		SolutionGuid = {972A07A5-920A-4C1F-967C-1117FEF89896}
	EndGlobalSection
EndGlobal
