
Microsoft Visual Studio Solution File, Format Version 12.00
# Visual Studio Version 16
VisualStudioVersion = 16.0.29215.179
MinimumVisualStudioVersion = 10.0.40219.1
Project("{FAE04EC0-301F-11D3-BF4B-00C04F79EFBC}") = "ExceptionHandlingExercise", "ExceptionHandlingExercise\ExceptionHandlingExercise.csproj", "{D71FDF40-5A44-4D94-9B22-44EDA7377B5B}"
EndProject
Global
	GlobalSection(SolutionConfigurationPlatforms) = preSolution
		Debug|Any CPU = Debug|Any CPU
		Release|Any CPU = Release|Any CPU
	EndGlobalSection
	GlobalSection(ProjectConfigurationPlatforms) = postSolution
		{D71FDF40-5A44-4D94-9B22-44EDA7377B5B}.Debug|Any CPU.ActiveCfg = Debug|Any CPU
		{D71FDF40-5A44-4D94-9B22-44EDA7377B5B}.Debug|Any CPU.Build.0 = Debug|Any CPU
		{D71FDF40-5A44-4D94-9B22-44EDA7377B5B}.Release|Any CPU.ActiveCfg = Release|Any CPU
		{D71FDF40-5A44-4D94-9B22-44EDA7377B5B}.Release|Any CPU.Build.0 = Release|Any CPU
	EndGlobalSection
	GlobalSection(SolutionProperties) = preSolution
		HideSolutionNode = FALSE
	EndGlobalSection
	GlobalSection(ExtensibilityGlobals) = postSolution
		SolutionGuid = {E3B36A08-C24F-4702-9531-56BC345885B4}
	EndGlobalSection
EndGlobal
